
Microsoft Visual Studio Solution File, Format Version 12.00
# Visual Studio Version 17
VisualStudioVersion = 17.6.33723.286
MinimumVisualStudioVersion = 10.0.40219.1
Project("{FAE04EC0-301F-11D3-BF4B-00C04F79EFBC}") = "CalculadoraFormulario", "CalculadoraFormulario\CalculadoraFormulario.csproj", "{6B4B0117-3AEF-4F28-940A-1F1F477CB7DD}"
EndProject
Global
	GlobalSection(SolutionConfigurationPlatforms) = preSolution
		Debug|Any CPU = Debug|Any CPU
		Release|Any CPU = Release|Any CPU
	EndGlobalSection
	GlobalSection(ProjectConfigurationPlatforms) = postSolution
		{6B4B0117-3AEF-4F28-940A-1F1F477CB7DD}.Debug|Any CPU.ActiveCfg = Debug|Any CPU
		{6B4B0117-3AEF-4F28-940A-1F1F477CB7DD}.Debug|Any CPU.Build.0 = Debug|Any CPU
		{6B4B0117-3AEF-4F28-940A-1F1F477CB7DD}.Release|Any CPU.ActiveCfg = Release|Any CPU
		{6B4B0117-3AEF-4F28-940A-1F1F477CB7DD}.Release|Any CPU.Build.0 = Release|Any CPU
	EndGlobalSection
	GlobalSection(SolutionProperties) = preSolution
		HideSolutionNode = FALSE
	EndGlobalSection
	GlobalSection(ExtensibilityGlobals) = postSolution
		SolutionGuid = {5292FB43-A92D-4694-A7AB-F2B42DB90964}
	EndGlobalSection
EndGlobal
